// !$*UTF8*$!
{
	archiveVersion = 1;
	classes = {
	};
	objectVersion = 46;
	objects = {

/* Begin PBXBuildFile section */
		2E147B261B2678CB0021393D /* AppDelegate.swift in Sources */ = {isa = PBXBuildFile; fileRef = 2E147B251B2678CB0021393D /* AppDelegate.swift */; };
		2E147B291B2678CB0021393D /* StatesAndCaps.xcdatamodeld in Sources */ = {isa = PBXBuildFile; fileRef = 2E147B271B2678CB0021393D /* StatesAndCaps.xcdatamodeld */; };
		2E147B2B1B2678CB0021393D /* ViewController.swift in Sources */ = {isa = PBXBuildFile; fileRef = 2E147B2A1B2678CB0021393D /* ViewController.swift */; };
		2E147B2E1B2678CB0021393D /* Main.storyboard in Resources */ = {isa = PBXBuildFile; fileRef = 2E147B2C1B2678CB0021393D /* Main.storyboard */; };
		2E147B301B2678CB0021393D /* Images.xcassets in Resources */ = {isa = PBXBuildFile; fileRef = 2E147B2F1B2678CB0021393D /* Images.xcassets */; };
		2E147B331B2678CB0021393D /* LaunchScreen.xib in Resources */ = {isa = PBXBuildFile; fileRef = 2E147B311B2678CB0021393D /* LaunchScreen.xib */; };
		2E147B3F1B2678CB0021393D /* StatesAndCapsTests.swift in Sources */ = {isa = PBXBuildFile; fileRef = 2E147B3E1B2678CB0021393D /* StatesAndCapsTests.swift */; };
/* End PBXBuildFile section */

/* Begin PBXContainerItemProxy section */
		2E147B391B2678CB0021393D /* PBXContainerItemProxy */ = {
			isa = PBXContainerItemProxy;
			containerPortal = 2E147B181B2678CB0021393D /* Project object */;
			proxyType = 1;
			remoteGlobalIDString = 2E147B1F1B2678CB0021393D;
			remoteInfo = StatesAndCaps;
		};
/* End PBXContainerItemProxy section */

/* Begin PBXFileReference section */
		2E147B201B2678CB0021393D /* StatesAndCaps.app */ = {isa = PBXFileReference; explicitFileType = wrapper.application; includeInIndex = 0; path = StatesAndCaps.app; sourceTree = BUILT_PRODUCTS_DIR; };
		2E147B241B2678CB0021393D /* Info.plist */ = {isa = PBXFileReference; lastKnownFileType = text.plist.xml; path = Info.plist; sourceTree = "<group>"; };
		2E147B251B2678CB0021393D /* AppDelegate.swift */ = {isa = PBXFileReference; lastKnownFileType = sourcecode.swift; path = AppDelegate.swift; sourceTree = "<group>"; };
		2E147B281B2678CB0021393D /* StatesAndCaps.xcdatamodel */ = {isa = PBXFileReference; lastKnownFileType = wrapper.xcdatamodel; path = StatesAndCaps.xcdatamodel; sourceTree = "<group>"; };
		2E147B2A1B2678CB0021393D /* ViewController.swift */ = {isa = PBXFileReference; lastKnownFileType = sourcecode.swift; path = ViewController.swift; sourceTree = "<group>"; };
		2E147B2D1B2678CB0021393D /* Base */ = {isa = PBXFileReference; lastKnownFileType = file.storyboard; name = Base; path = Base.lproj/Main.storyboard; sourceTree = "<group>"; };
		2E147B2F1B2678CB0021393D /* Images.xcassets */ = {isa = PBXFileReference; lastKnownFileType = folder.assetcatalog; path = Images.xcassets; sourceTree = "<group>"; };
		2E147B321B2678CB0021393D /* Base */ = {isa = PBXFileReference; lastKnownFileType = file.xib; name = Base; path = Base.lproj/LaunchScreen.xib; sourceTree = "<group>"; };
		2E147B381B2678CB0021393D /* StatesAndCapsTests.xctest */ = {isa = PBXFileReference; explicitFileType = wrapper.cfbundle; includeInIndex = 0; path = StatesAndCapsTests.xctest; sourceTree = BUILT_PRODUCTS_DIR; };
		2E147B3D1B2678CB0021393D /* Info.plist */ = {isa = PBXFileReference; lastKnownFileType = text.plist.xml; path = Info.plist; sourceTree = "<group>"; };
		2E147B3E1B2678CB0021393D /* StatesAndCapsTests.swift */ = {isa = PBXFileReference; lastKnownFileType = sourcecode.swift; path = StatesAndCapsTests.swift; sourceTree = "<group>"; };
/* End PBXFileReference section */

/* Begin PBXFrameworksBuildPhase section */
		2E147B1D1B2678CB0021393D /* Frameworks */ = {
			isa = PBXFrameworksBuildPhase;
			buildActionMask = 2147483647;
			files = (
			);
			runOnlyForDeploymentPostprocessing = 0;
		};
		2E147B351B2678CB0021393D /* Frameworks */ = {
			isa = PBXFrameworksBuildPhase;
			buildActionMask = 2147483647;
			files = (
			);
			runOnlyForDeploymentPostprocessing = 0;
		};
/* End PBXFrameworksBuildPhase section */

/* Begin PBXGroup section */
		2E147B171B2678CB0021393D = {
			isa = PBXGroup;
			children = (
				2E147B221B2678CB0021393D /* StatesAndCaps */,
				2E147B3B1B2678CB0021393D /* StatesAndCapsTests */,
				2E147B211B2678CB0021393D /* Products */,
			);
			sourceTree = "<group>";
		};
		2E147B211B2678CB0021393D /* Products */ = {
			isa = PBXGroup;
			children = (
				2E147B201B2678CB0021393D /* StatesAndCaps.app */,
				2E147B381B2678CB0021393D /* StatesAndCapsTests.xctest */,
			);
			name = Products;
			sourceTree = "<group>";
		};
		2E147B221B2678CB0021393D /* StatesAndCaps */ = {
			isa = PBXGroup;
			children = (
				2E147B251B2678CB0021393D /* AppDelegate.swift */,
				2E147B2A1B2678CB0021393D /* ViewController.swift */,
				2E147B2C1B2678CB0021393D /* Main.storyboard */,
				2E147B2F1B2678CB0021393D /* Images.xcassets */,
				2E147B311B2678CB0021393D /* LaunchScreen.xib */,
				2E147B271B2678CB0021393D /* StatesAndCaps.xcdatamodeld */,
				2E147B231B2678CB0021393D /* Supporting Files */,
			);
			path = StatesAndCaps;
			sourceTree = "<group>";
		};
		2E147B231B2678CB0021393D /* Supporting Files */ = {
			isa = PBXGroup;
			children = (
				2E147B241B2678CB0021393D /* Info.plist */,
			);
			name = "Supporting Files";
			sourceTree = "<group>";
		};
		2E147B3B1B2678CB0021393D /* StatesAndCapsTests */ = {
			isa = PBXGroup;
			children = (
				2E147B3E1B2678CB0021393D /* StatesAndCapsTests.swift */,
				2E147B3C1B2678CB0021393D /* Supporting Files */,
			);
			path = StatesAndCapsTests;
			sourceTree = "<group>";
		};
		2E147B3C1B2678CB0021393D /* Supporting Files */ = {
			isa = PBXGroup;
			children = (
				2E147B3D1B2678CB0021393D /* Info.plist */,
			);
			name = "Supporting Files";
			sourceTree = "<group>";
		};
/* End PBXGroup section */

/* Begin PBXNativeTarget section */
		2E147B1F1B2678CB0021393D /* StatesAndCaps */ = {
			isa = PBXNativeTarget;
			buildConfigurationList = 2E147B421B2678CB0021393D /* Build configuration list for PBXNativeTarget "StatesAndCaps" */;
			buildPhases = (
				2E147B1C1B2678CB0021393D /* Sources */,
				2E147B1D1B2678CB0021393D /* Frameworks */,
				2E147B1E1B2678CB0021393D /* Resources */,
			);
			buildRules = (
			);
			dependencies = (
			);
			name = StatesAndCaps;
			productName = StatesAndCaps;
			productReference = 2E147B201B2678CB0021393D /* StatesAndCaps.app */;
			productType = "com.apple.product-type.application";
		};
		2E147B371B2678CB0021393D /* StatesAndCapsTests */ = {
			isa = PBXNativeTarget;
			buildConfigurationList = 2E147B451B2678CB0021393D /* Build configuration list for PBXNativeTarget "StatesAndCapsTests" */;
			buildPhases = (
				2E147B341B2678CB0021393D /* Sources */,
				2E147B351B2678CB0021393D /* Frameworks */,
				2E147B361B2678CB0021393D /* Resources */,
			);
			buildRules = (
			);
			dependencies = (
				2E147B3A1B2678CB0021393D /* PBXTargetDependency */,
			);
			name = StatesAndCapsTests;
			productName = StatesAndCapsTests;
			productReference = 2E147B381B2678CB0021393D /* StatesAndCapsTests.xctest */;
			productType = "com.apple.product-type.bundle.unit-test";
		};
/* End PBXNativeTarget section */

/* Begin PBXProject section */
		2E147B181B2678CB0021393D /* Project object */ = {
			isa = PBXProject;
			attributes = {
				LastUpgradeCheck = 0630;
				ORGANIZATIONNAME = "Ryan Jones";
				TargetAttributes = {
					2E147B1F1B2678CB0021393D = {
						CreatedOnToolsVersion = 6.3.2;
					};
					2E147B371B2678CB0021393D = {
						CreatedOnToolsVersion = 6.3.2;
						TestTargetID = 2E147B1F1B2678CB0021393D;
					};
				};
			};
			buildConfigurationList = 2E147B1B1B2678CB0021393D /* Build configuration list for PBXProject "StatesAndCaps" */;
			compatibilityVersion = "Xcode 3.2";
			developmentRegion = English;
			hasScannedForEncodings = 0;
			knownRegions = (
				en,
				Base,
			);
			mainGroup = 2E147B171B2678CB0021393D;
			productRefGroup = 2E147B211B2678CB0021393D /* Products */;
			projectDirPath = "";
			projectRoot = "";
			targets = (
				2E147B1F1B2678CB0021393D /* StatesAndCaps */,
				2E147B371B2678CB0021393D /* StatesAndCapsTests */,
			);
		};
/* End PBXProject section */

/* Begin PBXResourcesBuildPhase section */
		2E147B1E1B2678CB0021393D /* Resources */ = {
			isa = PBXResourcesBuildPhase;
			buildActionMask = 2147483647;
			files = (
				2E147B2E1B2678CB0021393D /* Main.storyboard in Resources */,
				2E147B331B2678CB0021393D /* LaunchScreen.xib in Resources */,
				2E147B301B2678CB0021393D /* Images.xcassets in Resources */,
			);
			runOnlyForDeploymentPostprocessing = 0;
		};
		2E147B361B2678CB0021393D /* Resources */ = {
			isa = PBXResourcesBuildPhase;
			buildActionMask = 2147483647;
			files = (
			);
			runOnlyForDeploymentPostprocessing = 0;
		};
/* End PBXResourcesBuildPhase section */

/* Begin PBXSourcesBuildPhase section */
		2E147B1C1B2678CB0021393D /* Sources */ = {
			isa = PBXSourcesBuildPhase;
			buildActionMask = 2147483647;
			files = (
				2E147B2B1B2678CB0021393D /* ViewController.swift in Sources */,
				2E147B291B2678CB0021393D /* StatesAndCaps.xcdatamodeld in Sources */,
				2E147B261B2678CB0021393D /* AppDelegate.swift in Sources */,
			);
			runOnlyForDeploymentPostprocessing = 0;
		};
		2E147B341B2678CB0021393D /* Sources */ = {
			isa = PBXSourcesBuildPhase;
			buildActionMask = 2147483647;
			files = (
				2E147B3F1B2678CB0021393D /* StatesAndCapsTests.swift in Sources */,
			);
			runOnlyForDeploymentPostprocessing = 0;
		};
/* End PBXSourcesBuildPhase section */

/* Begin PBXTargetDependency section */
		2E147B3A1B2678CB0021393D /* PBXTargetDependency */ = {
			isa = PBXTargetDependency;
			target = 2E147B1F1B2678CB0021393D /* StatesAndCaps */;
			targetProxy = 2E147B391B2678CB0021393D /* PBXContainerItemProxy */;
		};
/* End PBXTargetDependency section */

/* Begin PBXVariantGroup section */
		2E147B2C1B2678CB0021393D /* Main.storyboard */ = {
			isa = PBXVariantGroup;
			children = (
				2E147B2D1B2678CB0021393D /* Base */,
			);
			name = Main.storyboard;
			sourceTree = "<group>";
		};
		2E147B311B2678CB0021393D /* LaunchScreen.xib */ = {
			isa = PBXVariantGroup;
			children = (
				2E147B321B2678CB0021393D /* Base */,
			);
			name = LaunchScreen.xib;
			sourceTree = "<group>";
		};
/* End PBXVariantGroup section */

/* Begin XCBuildConfiguration section */
		2E147B401B2678CB0021393D /* Debug */ = {
			isa = XCBuildConfiguration;
			buildSettings = {
				ALWAYS_SEARCH_USER_PATHS = NO;
				CLANG_CXX_LANGUAGE_STANDARD = "gnu++0x";
				CLANG_CXX_LIBRARY = "libc++";
				CLANG_ENABLE_MODULES = YES;
				CLANG_ENABLE_OBJC_ARC = YES;
				CLANG_WARN_BOOL_CONVERSION = YES;
				CLANG_WARN_CONSTANT_CONVERSION = YES;
				CLANG_WARN_DIRECT_OBJC_ISA_USAGE = YES_ERROR;
				CLANG_WARN_EMPTY_BODY = YES;
				CLANG_WARN_ENUM_CONVERSION = YES;
				CLANG_WARN_INT_CONVERSION = YES;
				CLANG_WARN_OBJC_ROOT_CLASS = YES_ERROR;
				CLANG_WARN_UNREACHABLE_CODE = YES;
				CLANG_WARN__DUPLICATE_METHOD_MATCH = YES;
				"CODE_SIGN_IDENTITY[sdk=iphoneos*]" = "iPhone Developer";
				COPY_PHASE_STRIP = NO;
				DEBUG_INFORMATION_FORMAT = "dwarf-with-dsym";
				ENABLE_STRICT_OBJC_MSGSEND = YES;
				GCC_C_LANGUAGE_STANDARD = gnu99;
				GCC_DYNAMIC_NO_PIC = NO;
				GCC_NO_COMMON_BLOCKS = YES;
				GCC_OPTIMIZATION_LEVEL = 0;
				GCC_PREPROCESSOR_DEFINITIONS = (
					"DEBUG=1",
					"$(inherited)",
				);
				GCC_SYMBOLS_PRIVATE_EXTERN = NO;
				GCC_WARN_64_TO_32_BIT_CONVERSION = YES;
				GCC_WARN_ABOUT_RETURN_TYPE = YES_ERROR;
				GCC_WARN_UNDECLARED_SELECTOR = YES;
				GCC_WARN_UNINITIALIZED_AUTOS = YES_AGGRESSIVE;
				GCC_WARN_UNUSED_FUNCTION = YES;
				GCC_WARN_UNUSED_VARIABLE = YES;
				IPHONEOS_DEPLOYMENT_TARGET = 8.3;
				MTL_ENABLE_DEBUG_INFO = YES;
				ONLY_ACTIVE_ARCH = YES;
				SDKROOT = iphoneos;
				SWIFT_OPTIMIZATION_LEVEL = "-Onone";
				TARGETED_DEVICE_FAMILY = "1,2";
			};
			name = Debug;
		};
		2E147B411B2678CB0021393D /* Release */ = {
			isa = XCBuildConfiguration;
			buildSettings = {
				ALWAYS_SEARCH_USER_PATHS = NO;
				CLANG_CXX_LANGUAGE_STANDARD = "gnu++0x";
				CLANG_CXX_LIBRARY = "libc++";
				CLANG_ENABLE_MODULES = YES;
				CLANG_ENABLE_OBJC_ARC = YES;
				CLANG_WARN_BOOL_CONVERSION = YES;
				CLANG_WARN_CONSTANT_CONVERSION = YES;
				CLANG_WARN_DIRECT_OBJC_ISA_USAGE = YES_ERROR;
				CLANG_WARN_EMPTY_BODY = YES;
				CLANG_WARN_ENUM_CONVERSION = YES;
				CLANG_WARN_INT_CONVERSION = YES;
				CLANG_WARN_OBJC_ROOT_CLASS = YES_ERROR;
				CLANG_WARN_UNREACHABLE_CODE = YES;
				CLANG_WARN__DUPLICATE_METHOD_MATCH = YES;
				"CODE_SIGN_IDENTITY[sdk=iphoneos*]" = "iPhone Developer";
				COPY_PHASE_STRIP = NO;
				DEBUG_INFORMATION_FORMAT = "dwarf-with-dsym";
				ENABLE_NS_ASSERTIONS = NO;
				ENABLE_STRICT_OBJC_MSGSEND = YES;
				GCC_C_LANGUAGE_STANDARD = gnu99;
				GCC_NO_COMMON_BLOCKS = YES;
				GCC_WARN_64_TO_32_BIT_CONVERSION = YES;
				GCC_WARN_ABOUT_RETURN_TYPE = YES_ERROR;
				GCC_WARN_UNDECLARED_SELECTOR = YES;
				GCC_WARN_UNINITIALIZED_AUTOS = YES_AGGRESSIVE;
				GCC_WARN_UNUSED_FUNCTION = YES;
				GCC_WARN_UNUSED_VARIABLE = YES;
				IPHONEOS_DEPLOYMENT_TARGET = 8.3;
				MTL_ENABLE_DEBUG_INFO = NO;
				SDKROOT = iphoneos;
				TARGETED_DEVICE_FAMILY = "1,2";
				VALIDATE_PRODUCT = YES;
			};
			name = Release;
		};
		2E147B431B2678CB0021393D /* Debug */ = {
			isa = XCBuildConfiguration;
			buildSettings = {
				ASSETCATALOG_COMPILER_APPICON_NAME = AppIcon;
				INFOPLIST_FILE = StatesAndCaps/Info.plist;
				LD_RUNPATH_SEARCH_PATHS = "$(inherited) @executable_path/Frameworks";
				PRODUCT_NAME = "$(TARGET_NAME)";
			};
			name = Debug;
		};
		2E147B441B2678CB0021393D /* Release */ = {
			isa = XCBuildConfiguration;
			buildSettings = {
				ASSETCATALOG_COMPILER_APPICON_NAME = AppIcon;
				INFOPLIST_FILE = StatesAndCaps/Info.plist;
				LD_RUNPATH_SEARCH_PATHS = "$(inherited) @executable_path/Frameworks";
				PRODUCT_NAME = "$(TARGET_NAME)";
			};
			name = Release;
		};
		2E147B461B2678CB0021393D /* Debug */ = {
			isa = XCBuildConfiguration;
			buildSettings = {
				BUNDLE_LOADER = "$(TEST_HOST)";
				FRAMEWORK_SEARCH_PATHS = (
					"$(SDKROOT)/Developer/Library/Frameworks",
					"$(inherited)",
				);
				GCC_PREPROCESSOR_DEFINITIONS = (
					"DEBUG=1",
					"$(inherited)",
				);
				INFOPLIST_FILE = StatesAndCapsTests/Info.plist;
				LD_RUNPATH_SEARCH_PATHS = "$(inherited) @executable_path/Frameworks @loader_path/Frameworks";
				PRODUCT_NAME = "$(TARGET_NAME)";
				TEST_HOST = "$(BUILT_PRODUCTS_DIR)/StatesAndCaps.app/StatesAndCaps";
			};
			name = Debug;
		};
		2E147B471B2678CB0021393D /* Release */ = {
			isa = XCBuildConfiguration;
			buildSettings = {
				BUNDLE_LOADER = "$(TEST_HOST)";
				FRAMEWORK_SEARCH_PATHS = (
					"$(SDKROOT)/Developer/Library/Frameworks",
					"$(inherited)",
				);
				INFOPLIST_FILE = StatesAndCapsTests/Info.plist;
				LD_RUNPATH_SEARCH_PATHS = "$(inherited) @executable_path/Frameworks @loader_path/Frameworks";
				PRODUCT_NAME = "$(TARGET_NAME)";
				TEST_HOST = "$(BUILT_PRODUCTS_DIR)/StatesAndCaps.app/StatesAndCaps";
			};
			name = Release;
		};
/* End XCBuildConfiguration section */

/* Begin XCConfigurationList section */
		2E147B1B1B2678CB0021393D /* Build configuration list for PBXProject "StatesAndCaps" */ = {
			isa = XCConfigurationList;
			buildConfigurations = (
				2E147B401B2678CB0021393D /* Debug */,
				2E147B411B2678CB0021393D /* Release */,
			);
			defaultConfigurationIsVisible = 0;
			defaultConfigurationName = Release;
		};
		2E147B421B2678CB0021393D /* Build configuration list for PBXNativeTarget "StatesAndCaps" */ = {
			isa = XCConfigurationList;
			buildConfigurations = (
				2E147B431B2678CB0021393D /* Debug */,
				2E147B441B2678CB0021393D /* Release */,
			);
			defaultConfigurationIsVisible = 0;
		};
		2E147B451B2678CB0021393D /* Build configuration list for PBXNativeTarget "StatesAndCapsTests" */ = {
			isa = XCConfigurationList;
			buildConfigurations = (
				2E147B461B2678CB0021393D /* Debug */,
				2E147B471B2678CB0021393D /* Release */,
			);
			defaultConfigurationIsVisible = 0;
		};
/* End XCConfigurationList section */

/* Begin XCVersionGroup section */
		2E147B271B2678CB0021393D /* StatesAndCaps.xcdatamodeld */ = {
			isa = XCVersionGroup;
			children = (
				2E147B281B2678CB0021393D /* StatesAndCaps.xcdatamodel */,
			);
			currentVersion = 2E147B281B2678CB0021393D /* StatesAndCaps.xcdatamodel */;
			path = StatesAndCaps.xcdatamodeld;
			sourceTree = "<group>";
			versionGroupType = wrapper.xcdatamodel;
		};
/* End XCVersionGroup section */
	};
	rootObject = 2E147B181B2678CB0021393D /* Project object */;
}
